// !$*UTF8*$!
{
	archiveVersion = 1;
	classes = {
	};
	objectVersion = 56;
	objects = {

/* Begin PBXBuildFile section */
		C518194D2AA593990075CE8A /* WebViewController.swift in Sources */ = {isa = PBXBuildFile; fileRef = C518194C2AA593990075CE8A /* WebViewController.swift */; };
		C51F026B2AB515C400A16A66 /* LoginViewController.swift in Sources */ = {isa = PBXBuildFile; fileRef = C51F026A2AB515C400A16A66 /* LoginViewController.swift */; };
		C51F026E2AB6233700A16A66 /* SwiftKeychainWrapper in Frameworks */ = {isa = PBXBuildFile; productRef = C51F026D2AB6233700A16A66 /* SwiftKeychainWrapper */; };
		C51F02702AB7CFDB00A16A66 /* ScriptMessageHandler.swift in Sources */ = {isa = PBXBuildFile; fileRef = C51F026F2AB7CFDB00A16A66 /* ScriptMessageHandler.swift */; };
		C54F9CBE2ACCBB1D00C0736C /* IQKeyboardManagerSwift in Frameworks */ = {isa = PBXBuildFile; productRef = C54F9CBD2ACCBB1D00C0736C /* IQKeyboardManagerSwift */; };
		C54F9CC02ACCD1BC00C0736C /* Constants.swift in Sources */ = {isa = PBXBuildFile; fileRef = C54F9CBF2ACCD1BC00C0736C /* Constants.swift */; };
		C5F069372A9442A000311E26 /* AppDelegate.swift in Sources */ = {isa = PBXBuildFile; fileRef = C5F069362A9442A000311E26 /* AppDelegate.swift */; };
		C5F069392A9442A000311E26 /* SceneDelegate.swift in Sources */ = {isa = PBXBuildFile; fileRef = C5F069382A9442A000311E26 /* SceneDelegate.swift */; };
		C5F0693B2A9442A000311E26 /* ViewController.swift in Sources */ = {isa = PBXBuildFile; fileRef = C5F0693A2A9442A000311E26 /* ViewController.swift */; };
		C5F069402A9442A100311E26 /* Assets.xcassets in Resources */ = {isa = PBXBuildFile; fileRef = C5F0693F2A9442A100311E26 /* Assets.xcassets */; };
		C5F069432A9442A100311E26 /* LaunchScreen.storyboard in Resources */ = {isa = PBXBuildFile; fileRef = C5F069412A9442A100311E26 /* LaunchScreen.storyboard */; };
		C5F069682A94456500311E26 /* Turbo in Frameworks */ = {isa = PBXBuildFile; productRef = C5F069672A94456500311E26 /* Turbo */; };
/* End PBXBuildFile section */

/* Begin PBXContainerItemProxy section */
		C5F0694A2A9442A100311E26 /* PBXContainerItemProxy */ = {
			isa = PBXContainerItemProxy;
			containerPortal = C5F0692B2A9442A000311E26 /* Project object */;
			proxyType = 1;
			remoteGlobalIDString = C5F069322A9442A000311E26;
			remoteInfo = Rescupe;
		};
		C5F069542A9442A100311E26 /* PBXContainerItemProxy */ = {
			isa = PBXContainerItemProxy;
			containerPortal = C5F0692B2A9442A000311E26 /* Project object */;
			proxyType = 1;
			remoteGlobalIDString = C5F069322A9442A000311E26;
			remoteInfo = Rescupe;
		};
/* End PBXContainerItemProxy section */

/* Begin PBXFileReference section */
		C518194C2AA593990075CE8A /* WebViewController.swift */ = {isa = PBXFileReference; lastKnownFileType = sourcecode.swift; path = WebViewController.swift; sourceTree = "<group>"; };
		C51F02672AB4F41000A16A66 /* Wavclouds.entitlements */ = {isa = PBXFileReference; lastKnownFileType = text.plist.entitlements; path = Wavclouds.entitlements; sourceTree = "<group>"; };
		C51F026A2AB515C400A16A66 /* LoginViewController.swift */ = {isa = PBXFileReference; lastKnownFileType = sourcecode.swift; path = LoginViewController.swift; sourceTree = "<group>"; };
		C51F026F2AB7CFDB00A16A66 /* ScriptMessageHandler.swift */ = {isa = PBXFileReference; lastKnownFileType = sourcecode.swift; path = ScriptMessageHandler.swift; sourceTree = "<group>"; };
		C54F9CBF2ACCD1BC00C0736C /* Constants.swift */ = {isa = PBXFileReference; lastKnownFileType = sourcecode.swift; path = Constants.swift; sourceTree = "<group>"; };
		C5F069332A9442A000311E26 /* Wavclouds.app */ = {isa = PBXFileReference; explicitFileType = wrapper.application; includeInIndex = 0; path = Wavclouds.app; sourceTree = BUILT_PRODUCTS_DIR; };
		C5F069362A9442A000311E26 /* AppDelegate.swift */ = {isa = PBXFileReference; lastKnownFileType = sourcecode.swift; path = AppDelegate.swift; sourceTree = "<group>"; };
		C5F069382A9442A000311E26 /* SceneDelegate.swift */ = {isa = PBXFileReference; lastKnownFileType = sourcecode.swift; path = SceneDelegate.swift; sourceTree = "<group>"; };
		C5F0693A2A9442A000311E26 /* ViewController.swift */ = {isa = PBXFileReference; lastKnownFileType = sourcecode.swift; path = ViewController.swift; sourceTree = "<group>"; };
		C5F0693F2A9442A100311E26 /* Assets.xcassets */ = {isa = PBXFileReference; lastKnownFileType = folder.assetcatalog; path = Assets.xcassets; sourceTree = "<group>"; };
		C5F069422A9442A100311E26 /* Base */ = {isa = PBXFileReference; lastKnownFileType = file.storyboard; name = Base; path = Base.lproj/LaunchScreen.storyboard; sourceTree = "<group>"; };
		C5F069442A9442A100311E26 /* Info.plist */ = {isa = PBXFileReference; lastKnownFileType = text.plist.xml; path = Info.plist; sourceTree = "<group>"; };
		C5F069492A9442A100311E26 /* WavcloudsTests.xctest */ = {isa = PBXFileReference; explicitFileType = wrapper.cfbundle; includeInIndex = 0; path = WavcloudsTests.xctest; sourceTree = BUILT_PRODUCTS_DIR; };
		C5F069532A9442A100311E26 /* WavcloudsUITests.xctest */ = {isa = PBXFileReference; explicitFileType = wrapper.cfbundle; includeInIndex = 0; path = WavcloudsUITests.xctest; sourceTree = BUILT_PRODUCTS_DIR; };
/* End PBXFileReference section */

/* Begin PBXFrameworksBuildPhase section */
		C5F069302A9442A000311E26 /* Frameworks */ = {
			isa = PBXFrameworksBuildPhase;
			buildActionMask = 2147483647;
			files = (
				C51F026E2AB6233700A16A66 /* SwiftKeychainWrapper in Frameworks */,
				C5F069682A94456500311E26 /* Turbo in Frameworks */,
				C54F9CBE2ACCBB1D00C0736C /* IQKeyboardManagerSwift in Frameworks */,
			);
			runOnlyForDeploymentPostprocessing = 0;
		};
		C5F069462A9442A100311E26 /* Frameworks */ = {
			isa = PBXFrameworksBuildPhase;
			buildActionMask = 2147483647;
			files = (
			);
			runOnlyForDeploymentPostprocessing = 0;
		};
		C5F069502A9442A100311E26 /* Frameworks */ = {
			isa = PBXFrameworksBuildPhase;
			buildActionMask = 2147483647;
			files = (
			);
			runOnlyForDeploymentPostprocessing = 0;
		};
/* End PBXFrameworksBuildPhase section */

/* Begin PBXGroup section */
		C5F0692A2A9442A000311E26 = {
			isa = PBXGroup;
			children = (
				C5F069352A9442A000311E26 /* Wavclouds */,
				C5F069342A9442A000311E26 /* Products */,
			);
			sourceTree = "<group>";
		};
		C5F069342A9442A000311E26 /* Products */ = {
			isa = PBXGroup;
			children = (
				C5F069332A9442A000311E26 /* Wavclouds.app */,
				C5F069492A9442A100311E26 /* WavcloudsTests.xctest */,
				C5F069532A9442A100311E26 /* WavcloudsUITests.xctest */,
			);
			name = Products;
			sourceTree = "<group>";
		};
		C5F069352A9442A000311E26 /* Wavclouds */ = {
			isa = PBXGroup;
			children = (
				C51F02672AB4F41000A16A66 /* Wavclouds.entitlements */,
				C5F069362A9442A000311E26 /* AppDelegate.swift */,
				C5F069382A9442A000311E26 /* SceneDelegate.swift */,
				C5F0693A2A9442A000311E26 /* ViewController.swift */,
				C5F0693F2A9442A100311E26 /* Assets.xcassets */,
				C5F069412A9442A100311E26 /* LaunchScreen.storyboard */,
				C5F069442A9442A100311E26 /* Info.plist */,
				C518194C2AA593990075CE8A /* WebViewController.swift */,
				C51F026A2AB515C400A16A66 /* LoginViewController.swift */,
				C51F026F2AB7CFDB00A16A66 /* ScriptMessageHandler.swift */,
				C54F9CBF2ACCD1BC00C0736C /* Constants.swift */,
			);
			path = Wavclouds;
			sourceTree = "<group>";
		};
/* End PBXGroup section */

/* Begin PBXNativeTarget section */
		C5F069322A9442A000311E26 /* Wavclouds */ = {
			isa = PBXNativeTarget;
			buildConfigurationList = C5F0695D2A9442A100311E26 /* Build configuration list for PBXNativeTarget "Wavclouds" */;
			buildPhases = (
				C5F0692F2A9442A000311E26 /* Sources */,
				C5F069302A9442A000311E26 /* Frameworks */,
				C5F069312A9442A000311E26 /* Resources */,
			);
			buildRules = (
			);
			dependencies = (
			);
			name = Wavclouds;
			packageProductDependencies = (
				C5F069672A94456500311E26 /* Turbo */,
				C51F026D2AB6233700A16A66 /* SwiftKeychainWrapper */,
				C54F9CBD2ACCBB1D00C0736C /* IQKeyboardManagerSwift */,
			);
			productName = Rescupe;
			productReference = C5F069332A9442A000311E26 /* Wavclouds.app */;
			productType = "com.apple.product-type.application";
		};
		C5F069482A9442A100311E26 /* WavcloudsTests */ = {
			isa = PBXNativeTarget;
			buildConfigurationList = C5F069602A9442A100311E26 /* Build configuration list for PBXNativeTarget "WavcloudsTests" */;
			buildPhases = (
				C5F069452A9442A100311E26 /* Sources */,
				C5F069462A9442A100311E26 /* Frameworks */,
				C5F069472A9442A100311E26 /* Resources */,
			);
			buildRules = (
			);
			dependencies = (
				C5F0694B2A9442A100311E26 /* PBXTargetDependency */,
			);
			name = WavcloudsTests;
			productName = RescupeTests;
			productReference = C5F069492A9442A100311E26 /* WavcloudsTests.xctest */;
			productType = "com.apple.product-type.bundle.unit-test";
		};
		C5F069522A9442A100311E26 /* WavcloudsUITests */ = {
			isa = PBXNativeTarget;
			buildConfigurationList = C5F069632A9442A100311E26 /* Build configuration list for PBXNativeTarget "WavcloudsUITests" */;
			buildPhases = (
				C5F0694F2A9442A100311E26 /* Sources */,
				C5F069502A9442A100311E26 /* Frameworks */,
				C5F069512A9442A100311E26 /* Resources */,
			);
			buildRules = (
			);
			dependencies = (
				C5F069552A9442A100311E26 /* PBXTargetDependency */,
			);
			name = WavcloudsUITests;
			productName = RescupeUITests;
			productReference = C5F069532A9442A100311E26 /* WavcloudsUITests.xctest */;
			productType = "com.apple.product-type.bundle.ui-testing";
		};
/* End PBXNativeTarget section */

/* Begin PBXProject section */
		C5F0692B2A9442A000311E26 /* Project object */ = {
			isa = PBXProject;
			attributes = {
				BuildIndependentTargetsInParallel = 1;
				LastSwiftUpdateCheck = 1430;
				LastUpgradeCheck = 1430;
				TargetAttributes = {
					C5F069322A9442A000311E26 = {
						CreatedOnToolsVersion = 14.3.1;
					};
					C5F069482A9442A100311E26 = {
						CreatedOnToolsVersion = 14.3.1;
						TestTargetID = C5F069322A9442A000311E26;
					};
					C5F069522A9442A100311E26 = {
						CreatedOnToolsVersion = 14.3.1;
						TestTargetID = C5F069322A9442A000311E26;
					};
				};
			};
			buildConfigurationList = C5F0692E2A9442A000311E26 /* Build configuration list for PBXProject "Wavclouds" */;
			compatibilityVersion = "Xcode 14.0";
			developmentRegion = en;
			hasScannedForEncodings = 0;
			knownRegions = (
				en,
				Base,
			);
			mainGroup = C5F0692A2A9442A000311E26;
			packageReferences = (
				C5F069662A94456500311E26 /* XCRemoteSwiftPackageReference "turbo-ios" */,
				C51F026C2AB6233700A16A66 /* XCRemoteSwiftPackageReference "SwiftKeychainWrapper" */,
				C54F9CBC2ACCBB1D00C0736C /* XCRemoteSwiftPackageReference "IQKeyboardManager" */,
			);
			productRefGroup = C5F069342A9442A000311E26 /* Products */;
			projectDirPath = "";
			projectRoot = "";
			targets = (
				C5F069322A9442A000311E26 /* Wavclouds */,
				C5F069482A9442A100311E26 /* WavcloudsTests */,
				C5F069522A9442A100311E26 /* WavcloudsUITests */,
			);
		};
/* End PBXProject section */

/* Begin PBXResourcesBuildPhase section */
		C5F069312A9442A000311E26 /* Resources */ = {
			isa = PBXResourcesBuildPhase;
			buildActionMask = 2147483647;
			files = (
				C5F069432A9442A100311E26 /* LaunchScreen.storyboard in Resources */,
				C5F069402A9442A100311E26 /* Assets.xcassets in Resources */,
			);
			runOnlyForDeploymentPostprocessing = 0;
		};
		C5F069472A9442A100311E26 /* Resources */ = {
			isa = PBXResourcesBuildPhase;
			buildActionMask = 2147483647;
			files = (
			);
			runOnlyForDeploymentPostprocessing = 0;
		};
		C5F069512A9442A100311E26 /* Resources */ = {
			isa = PBXResourcesBuildPhase;
			buildActionMask = 2147483647;
			files = (
			);
			runOnlyForDeploymentPostprocessing = 0;
		};
/* End PBXResourcesBuildPhase section */

/* Begin PBXSourcesBuildPhase section */
		C5F0692F2A9442A000311E26 /* Sources */ = {
			isa = PBXSourcesBuildPhase;
			buildActionMask = 2147483647;
			files = (
				C5F0693B2A9442A000311E26 /* ViewController.swift in Sources */,
				C5F069372A9442A000311E26 /* AppDelegate.swift in Sources */,
				C5F069392A9442A000311E26 /* SceneDelegate.swift in Sources */,
				C51F02702AB7CFDB00A16A66 /* ScriptMessageHandler.swift in Sources */,
				C54F9CC02ACCD1BC00C0736C /* Constants.swift in Sources */,
				C51F026B2AB515C400A16A66 /* LoginViewController.swift in Sources */,
				C518194D2AA593990075CE8A /* WebViewController.swift in Sources */,
			);
			runOnlyForDeploymentPostprocessing = 0;
		};
		C5F069452A9442A100311E26 /* Sources */ = {
			isa = PBXSourcesBuildPhase;
			buildActionMask = 2147483647;
			files = (
			);
			runOnlyForDeploymentPostprocessing = 0;
		};
		C5F0694F2A9442A100311E26 /* Sources */ = {
			isa = PBXSourcesBuildPhase;
			buildActionMask = 2147483647;
			files = (
			);
			runOnlyForDeploymentPostprocessing = 0;
		};
/* End PBXSourcesBuildPhase section */

/* Begin PBXTargetDependency section */
		C5F0694B2A9442A100311E26 /* PBXTargetDependency */ = {
			isa = PBXTargetDependency;
			target = C5F069322A9442A000311E26 /* Wavclouds */;
			targetProxy = C5F0694A2A9442A100311E26 /* PBXContainerItemProxy */;
		};
		C5F069552A9442A100311E26 /* PBXTargetDependency */ = {
			isa = PBXTargetDependency;
			target = C5F069322A9442A000311E26 /* Wavclouds */;
			targetProxy = C5F069542A9442A100311E26 /* PBXContainerItemProxy */;
		};
/* End PBXTargetDependency section */

/* Begin PBXVariantGroup section */
		C5F069412A9442A100311E26 /* LaunchScreen.storyboard */ = {
			isa = PBXVariantGroup;
			children = (
				C5F069422A9442A100311E26 /* Base */,
			);
			name = LaunchScreen.storyboard;
			sourceTree = "<group>";
		};
/* End PBXVariantGroup section */

/* Begin XCBuildConfiguration section */
		C5F0695B2A9442A100311E26 /* Debug */ = {
			isa = XCBuildConfiguration;
			buildSettings = {
				ALWAYS_SEARCH_USER_PATHS = NO;
				CLANG_ANALYZER_NONNULL = YES;
				CLANG_ANALYZER_NUMBER_OBJECT_CONVERSION = YES_AGGRESSIVE;
				CLANG_CXX_LANGUAGE_STANDARD = "gnu++20";
				CLANG_ENABLE_MODULES = YES;
				CLANG_ENABLE_OBJC_ARC = YES;
				CLANG_ENABLE_OBJC_WEAK = YES;
				CLANG_WARN_BLOCK_CAPTURE_AUTORELEASING = YES;
				CLANG_WARN_BOOL_CONVERSION = YES;
				CLANG_WARN_COMMA = YES;
				CLANG_WARN_CONSTANT_CONVERSION = YES;
				CLANG_WARN_DEPRECATED_OBJC_IMPLEMENTATIONS = YES;
				CLANG_WARN_DIRECT_OBJC_ISA_USAGE = YES_ERROR;
				CLANG_WARN_DOCUMENTATION_COMMENTS = YES;
				CLANG_WARN_EMPTY_BODY = YES;
				CLANG_WARN_ENUM_CONVERSION = YES;
				CLANG_WARN_INFINITE_RECURSION = YES;
				CLANG_WARN_INT_CONVERSION = YES;
				CLANG_WARN_NON_LITERAL_NULL_CONVERSION = YES;
				CLANG_WARN_OBJC_IMPLICIT_RETAIN_SELF = YES;
				CLANG_WARN_OBJC_LITERAL_CONVERSION = YES;
				CLANG_WARN_OBJC_ROOT_CLASS = YES_ERROR;
				CLANG_WARN_QUOTED_INCLUDE_IN_FRAMEWORK_HEADER = YES;
				CLANG_WARN_RANGE_LOOP_ANALYSIS = YES;
				CLANG_WARN_STRICT_PROTOTYPES = YES;
				CLANG_WARN_SUSPICIOUS_MOVE = YES;
				CLANG_WARN_UNGUARDED_AVAILABILITY = YES_AGGRESSIVE;
				CLANG_WARN_UNREACHABLE_CODE = YES;
				CLANG_WARN__DUPLICATE_METHOD_MATCH = YES;
				COPY_PHASE_STRIP = NO;
				DEBUG_INFORMATION_FORMAT = dwarf;
				ENABLE_STRICT_OBJC_MSGSEND = YES;
				ENABLE_TESTABILITY = YES;
				GCC_C_LANGUAGE_STANDARD = gnu11;
				GCC_DYNAMIC_NO_PIC = NO;
				GCC_NO_COMMON_BLOCKS = YES;
				GCC_OPTIMIZATION_LEVEL = 0;
				GCC_PREPROCESSOR_DEFINITIONS = (
					"DEBUG=1",
					"$(inherited)",
				);
				GCC_WARN_64_TO_32_BIT_CONVERSION = YES;
				GCC_WARN_ABOUT_RETURN_TYPE = YES_ERROR;
				GCC_WARN_UNDECLARED_SELECTOR = YES;
				GCC_WARN_UNINITIALIZED_AUTOS = YES_AGGRESSIVE;
				GCC_WARN_UNUSED_FUNCTION = YES;
				GCC_WARN_UNUSED_VARIABLE = YES;
				IPHONEOS_DEPLOYMENT_TARGET = 16.4;
				MTL_ENABLE_DEBUG_INFO = INCLUDE_SOURCE;
				MTL_FAST_MATH = YES;
				ONLY_ACTIVE_ARCH = YES;
				SDKROOT = iphoneos;
				SWIFT_ACTIVE_COMPILATION_CONDITIONS = DEBUG;
				SWIFT_OPTIMIZATION_LEVEL = "-Onone";
			};
			name = Debug;
		};
		C5F0695C2A9442A100311E26 /* Release */ = {
			isa = XCBuildConfiguration;
			buildSettings = {
				ALWAYS_SEARCH_USER_PATHS = NO;
				CLANG_ANALYZER_NONNULL = YES;
				CLANG_ANALYZER_NUMBER_OBJECT_CONVERSION = YES_AGGRESSIVE;
				CLANG_CXX_LANGUAGE_STANDARD = "gnu++20";
				CLANG_ENABLE_MODULES = YES;
				CLANG_ENABLE_OBJC_ARC = YES;
				CLANG_ENABLE_OBJC_WEAK = YES;
				CLANG_WARN_BLOCK_CAPTURE_AUTORELEASING = YES;
				CLANG_WARN_BOOL_CONVERSION = YES;
				CLANG_WARN_COMMA = YES;
				CLANG_WARN_CONSTANT_CONVERSION = YES;
				CLANG_WARN_DEPRECATED_OBJC_IMPLEMENTATIONS = YES;
				CLANG_WARN_DIRECT_OBJC_ISA_USAGE = YES_ERROR;
				CLANG_WARN_DOCUMENTATION_COMMENTS = YES;
				CLANG_WARN_EMPTY_BODY = YES;
				CLANG_WARN_ENUM_CONVERSION = YES;
				CLANG_WARN_INFINITE_RECURSION = YES;
				CLANG_WARN_INT_CONVERSION = YES;
				CLANG_WARN_NON_LITERAL_NULL_CONVERSION = YES;
				CLANG_WARN_OBJC_IMPLICIT_RETAIN_SELF = YES;
				CLANG_WARN_OBJC_LITERAL_CONVERSION = YES;
				CLANG_WARN_OBJC_ROOT_CLASS = YES_ERROR;
				CLANG_WARN_QUOTED_INCLUDE_IN_FRAMEWORK_HEADER = YES;
				CLANG_WARN_RANGE_LOOP_ANALYSIS = YES;
				CLANG_WARN_STRICT_PROTOTYPES = YES;
				CLANG_WARN_SUSPICIOUS_MOVE = YES;
				CLANG_WARN_UNGUARDED_AVAILABILITY = YES_AGGRESSIVE;
				CLANG_WARN_UNREACHABLE_CODE = YES;
				CLANG_WARN__DUPLICATE_METHOD_MATCH = YES;
				COPY_PHASE_STRIP = NO;
				DEBUG_INFORMATION_FORMAT = "dwarf-with-dsym";
				ENABLE_NS_ASSERTIONS = NO;
				ENABLE_STRICT_OBJC_MSGSEND = YES;
				GCC_C_LANGUAGE_STANDARD = gnu11;
				GCC_NO_COMMON_BLOCKS = YES;
				GCC_WARN_64_TO_32_BIT_CONVERSION = YES;
				GCC_WARN_ABOUT_RETURN_TYPE = YES_ERROR;
				GCC_WARN_UNDECLARED_SELECTOR = YES;
				GCC_WARN_UNINITIALIZED_AUTOS = YES_AGGRESSIVE;
				GCC_WARN_UNUSED_FUNCTION = YES;
				GCC_WARN_UNUSED_VARIABLE = YES;
				IPHONEOS_DEPLOYMENT_TARGET = 16.4;
				MTL_ENABLE_DEBUG_INFO = NO;
				MTL_FAST_MATH = YES;
				SDKROOT = iphoneos;
				SWIFT_COMPILATION_MODE = wholemodule;
				SWIFT_OPTIMIZATION_LEVEL = "-O";
				VALIDATE_PRODUCT = YES;
			};
			name = Release;
		};
		C5F0695E2A9442A100311E26 /* Debug */ = {
			isa = XCBuildConfiguration;
			buildSettings = {
				ASSETCATALOG_COMPILER_APPICON_NAME = AppIcon;
				ASSETCATALOG_COMPILER_GLOBAL_ACCENT_COLOR_NAME = AccentColor;
				CODE_SIGN_ENTITLEMENTS = Wavclouds/Wavclouds.entitlements;
				CODE_SIGN_STYLE = Automatic;
				CURRENT_PROJECT_VERSION = 1;
				DEVELOPMENT_TEAM = RKWH6339GJ;
				GENERATE_INFOPLIST_FILE = YES;
				INFOPLIST_FILE = Wavclouds/Info.plist;
				INFOPLIST_KEY_UIApplicationSupportsIndirectInputEvents = YES;
				INFOPLIST_KEY_UILaunchStoryboardName = LaunchScreen;
				INFOPLIST_KEY_UISupportedInterfaceOrientations_iPad = "UIInterfaceOrientationPortrait UIInterfaceOrientationPortraitUpsideDown UIInterfaceOrientationLandscapeLeft UIInterfaceOrientationLandscapeRight";
				INFOPLIST_KEY_UISupportedInterfaceOrientations_iPhone = "UIInterfaceOrientationPortrait UIInterfaceOrientationLandscapeLeft UIInterfaceOrientationLandscapeRight";
				LD_RUNPATH_SEARCH_PATHS = (
					"$(inherited)",
					"@executable_path/Frameworks",
				);
				MARKETING_VERSION = 1.0;
				PRODUCT_BUNDLE_IDENTIFIER = com.wavclouds.beats;
				PRODUCT_NAME = "$(TARGET_NAME)";
				SWIFT_EMIT_LOC_STRINGS = YES;
				SWIFT_VERSION = 5.0;
				TARGETED_DEVICE_FAMILY = "1,2";
			};
			name = Debug;
		};
		C5F0695F2A9442A100311E26 /* Release */ = {
			isa = XCBuildConfiguration;
			buildSettings = {
				ASSETCATALOG_COMPILER_APPICON_NAME = AppIcon;
				ASSETCATALOG_COMPILER_GLOBAL_ACCENT_COLOR_NAME = AccentColor;
				CODE_SIGN_ENTITLEMENTS = Wavclouds/Wavclouds.entitlements;
				CODE_SIGN_STYLE = Automatic;
				CURRENT_PROJECT_VERSION = 1;
				DEVELOPMENT_TEAM = RKWH6339GJ;
				GENERATE_INFOPLIST_FILE = YES;
				INFOPLIST_FILE = Wavclouds/Info.plist;
				INFOPLIST_KEY_UIApplicationSupportsIndirectInputEvents = YES;
				INFOPLIST_KEY_UILaunchStoryboardName = LaunchScreen;
				INFOPLIST_KEY_UISupportedInterfaceOrientations_iPad = "UIInterfaceOrientationPortrait UIInterfaceOrientationPortraitUpsideDown UIInterfaceOrientationLandscapeLeft UIInterfaceOrientationLandscapeRight";
				INFOPLIST_KEY_UISupportedInterfaceOrientations_iPhone = "UIInterfaceOrientationPortrait UIInterfaceOrientationLandscapeLeft UIInterfaceOrientationLandscapeRight";
				LD_RUNPATH_SEARCH_PATHS = (
					"$(inherited)",
					"@executable_path/Frameworks",
				);
				MARKETING_VERSION = 1.0;
				PRODUCT_BUNDLE_IDENTIFIER = com.wavclouds.beats;
				PRODUCT_NAME = "$(TARGET_NAME)";
				SWIFT_EMIT_LOC_STRINGS = YES;
				SWIFT_VERSION = 5.0;
				TARGETED_DEVICE_FAMILY = "1,2";
			};
			name = Release;
		};
		C5F069612A9442A100311E26 /* Debug */ = {
			isa = XCBuildConfiguration;
			buildSettings = {
				ALWAYS_EMBED_SWIFT_STANDARD_LIBRARIES = YES;
				BUNDLE_LOADER = "$(TEST_HOST)";
				CODE_SIGN_STYLE = Automatic;
				CURRENT_PROJECT_VERSION = 1;
				DEVELOPMENT_TEAM = 874UT85FW7;
				GENERATE_INFOPLIST_FILE = YES;
				IPHONEOS_DEPLOYMENT_TARGET = 16.4;
				MARKETING_VERSION = 1.0;
				PRODUCT_BUNDLE_IDENTIFIER = indigo.RescupeTests;
				PRODUCT_NAME = "$(TARGET_NAME)";
				SWIFT_EMIT_LOC_STRINGS = NO;
				SWIFT_VERSION = 5.0;
				TARGETED_DEVICE_FAMILY = "1,2";
				TEST_HOST = "$(BUILT_PRODUCTS_DIR)/Wavclouds.app/$(BUNDLE_EXECUTABLE_FOLDER_PATH)/Wavclouds";
			};
			name = Debug;
		};
		C5F069622A9442A100311E26 /* Release */ = {
			isa = XCBuildConfiguration;
			buildSettings = {
				ALWAYS_EMBED_SWIFT_STANDARD_LIBRARIES = YES;
				BUNDLE_LOADER = "$(TEST_HOST)";
				CODE_SIGN_STYLE = Automatic;
				CURRENT_PROJECT_VERSION = 1;
				DEVELOPMENT_TEAM = 874UT85FW7;
				GENERATE_INFOPLIST_FILE = YES;
				IPHONEOS_DEPLOYMENT_TARGET = 16.4;
				MARKETING_VERSION = 1.0;
				PRODUCT_BUNDLE_IDENTIFIER = indigo.RescupeTests;
				PRODUCT_NAME = "$(TARGET_NAME)";
				SWIFT_EMIT_LOC_STRINGS = NO;
				SWIFT_VERSION = 5.0;
				TARGETED_DEVICE_FAMILY = "1,2";
				TEST_HOST = "$(BUILT_PRODUCTS_DIR)/Wavclouds.app/$(BUNDLE_EXECUTABLE_FOLDER_PATH)/Wavclouds";
			};
			name = Release;
		};
		C5F069642A9442A100311E26 /* Debug */ = {
			isa = XCBuildConfiguration;
			buildSettings = {
				ALWAYS_EMBED_SWIFT_STANDARD_LIBRARIES = YES;
				CODE_SIGN_STYLE = Automatic;
				CURRENT_PROJECT_VERSION = 1;
				DEVELOPMENT_TEAM = 874UT85FW7;
				GENERATE_INFOPLIST_FILE = YES;
				MARKETING_VERSION = 1.0;
				PRODUCT_BUNDLE_IDENTIFIER = indigo.RescupeUITests;
				PRODUCT_NAME = "$(TARGET_NAME)";
				SWIFT_EMIT_LOC_STRINGS = NO;
				SWIFT_VERSION = 5.0;
				TARGETED_DEVICE_FAMILY = "1,2";
				TEST_TARGET_NAME = Rescupe;
			};
			name = Debug;
		};
		C5F069652A9442A100311E26 /* Release */ = {
			isa = XCBuildConfiguration;
			buildSettings = {
				ALWAYS_EMBED_SWIFT_STANDARD_LIBRARIES = YES;
				CODE_SIGN_STYLE = Automatic;
				CURRENT_PROJECT_VERSION = 1;
				DEVELOPMENT_TEAM = 874UT85FW7;
				GENERATE_INFOPLIST_FILE = YES;
				MARKETING_VERSION = 1.0;
				PRODUCT_BUNDLE_IDENTIFIER = indigo.RescupeUITests;
				PRODUCT_NAME = "$(TARGET_NAME)";
				SWIFT_EMIT_LOC_STRINGS = NO;
				SWIFT_VERSION = 5.0;
				TARGETED_DEVICE_FAMILY = "1,2";
				TEST_TARGET_NAME = Rescupe;
			};
			name = Release;
		};
/* End XCBuildConfiguration section */

/* Begin XCConfigurationList section */
		C5F0692E2A9442A000311E26 /* Build configuration list for PBXProject "Wavclouds" */ = {
			isa = XCConfigurationList;
			buildConfigurations = (
				C5F0695B2A9442A100311E26 /* Debug */,
				C5F0695C2A9442A100311E26 /* Release */,
			);
			defaultConfigurationIsVisible = 0;
			defaultConfigurationName = Release;
		};
		C5F0695D2A9442A100311E26 /* Build configuration list for PBXNativeTarget "Wavclouds" */ = {
			isa = XCConfigurationList;
			buildConfigurations = (
				C5F0695E2A9442A100311E26 /* Debug */,
				C5F0695F2A9442A100311E26 /* Release */,
			);
			defaultConfigurationIsVisible = 0;
			defaultConfigurationName = Release;
		};
		C5F069602A9442A100311E26 /* Build configuration list for PBXNativeTarget "WavcloudsTests" */ = {
			isa = XCConfigurationList;
			buildConfigurations = (
				C5F069612A9442A100311E26 /* Debug */,
				C5F069622A9442A100311E26 /* Release */,
			);
			defaultConfigurationIsVisible = 0;
			defaultConfigurationName = Release;
		};
		C5F069632A9442A100311E26 /* Build configuration list for PBXNativeTarget "WavcloudsUITests" */ = {
			isa = XCConfigurationList;
			buildConfigurations = (
				C5F069642A9442A100311E26 /* Debug */,
				C5F069652A9442A100311E26 /* Release */,
			);
			defaultConfigurationIsVisible = 0;
			defaultConfigurationName = Release;
		};
/* End XCConfigurationList section */

/* Begin XCRemoteSwiftPackageReference section */
		C51F026C2AB6233700A16A66 /* XCRemoteSwiftPackageReference "SwiftKeychainWrapper" */ = {
			isa = XCRemoteSwiftPackageReference;
			repositoryURL = "https://github.com/jrendel/SwiftKeychainWrapper.git";
			requirement = {
				kind = upToNextMajorVersion;
				minimumVersion = 4.0.0;
			};
		};
		C54F9CBC2ACCBB1D00C0736C /* XCRemoteSwiftPackageReference "IQKeyboardManager" */ = {
			isa = XCRemoteSwiftPackageReference;
			repositoryURL = "https://github.com/hackiftekhar/IQKeyboardManager";
			requirement = {
				kind = upToNextMajorVersion;
				minimumVersion = 6.0.0;
			};
		};
		C5F069662A94456500311E26 /* XCRemoteSwiftPackageReference "turbo-ios" */ = {
			isa = XCRemoteSwiftPackageReference;
			repositoryURL = "https://github.com/hotwired/turbo-ios";
			requirement = {
				branch = main;
				kind = branch;
			};
		};
/* End XCRemoteSwiftPackageReference section */

/* Begin XCSwiftPackageProductDependency section */
		C51F026D2AB6233700A16A66 /* SwiftKeychainWrapper */ = {
			isa = XCSwiftPackageProductDependency;
			package = C51F026C2AB6233700A16A66 /* XCRemoteSwiftPackageReference "SwiftKeychainWrapper" */;
			productName = SwiftKeychainWrapper;
		};
		C54F9CBD2ACCBB1D00C0736C /* IQKeyboardManagerSwift */ = {
			isa = XCSwiftPackageProductDependency;
			package = C54F9CBC2ACCBB1D00C0736C /* XCRemoteSwiftPackageReference "IQKeyboardManager" */;
			productName = IQKeyboardManagerSwift;
		};
		C5F069672A94456500311E26 /* Turbo */ = {
			isa = XCSwiftPackageProductDependency;
			package = C5F069662A94456500311E26 /* XCRemoteSwiftPackageReference "turbo-ios" */;
			productName = Turbo;
		};
/* End XCSwiftPackageProductDependency section */
	};
	rootObject = C5F0692B2A9442A000311E26 /* Project object */;
}
